PODS:
  - boost (1.76.0)
  - CocoaAsyncSocket (7.6.5)
  - DoubleConversion (1.1.6)
  - EXApplication (5.3.1):
    - ExpoModulesCore
  - EXConstants (14.4.2):
    - ExpoModulesCore
  - EXFileSystem (15.4.4):
    - ExpoModulesCore
  - EXFont (11.4.0):
    - ExpoModulesCore
  - Expo (49.0.13):
    - ExpoModulesCore
  - ExpoCrypto (12.4.1):
    - ExpoModulesCore
  - ExpoKeepAwake (12.3.0):
    - ExpoModulesCore
  - ExpoModulesCore (1.5.11):
    - RCT-Folly (= 2021.07.22.00)
    - React-Core
    - React-RCTAppDelegate
    - ReactCommon/turbomodule/core
  - ExpoSMS (11.4.0):
    - ExpoModulesCore
  - ExpoWebBrowser (12.3.2):
    - ExpoModulesCore
  - FBLazyVector (0.71.0)
  - FBReactNativeSpec (0.71.0):
    - RCT-Folly (= 2021.07.22.00)
    - RCTRequired (= 0.71.0)
    - RCTTypeSafety (= 0.71.0)
    - React-Core (= 0.71.0)
    - React-jsi (= 0.71.0)
    - ReactCommon/turbomodule/core (= 0.71.0)
  - Flipper (0.125.0):
    - Flipper-Folly (~> 2.6)
    - Flipper-RSocket (~> 1.4)
  - Flipper-Boost-iOSX (1.76.0.1.11)
  - Flipper-DoubleConversion (3.2.0.1)
  - Flipper-Fmt (7.1.7)
  - Flipper-Folly (2.6.10):
    - Flipper-Boost-iOSX
    - Flipper-DoubleConversion
    - Flipper-Fmt (= 7.1.7)
    - Flipper-Glog
    - libevent (~> 2.1.12)
    - OpenSSL-Universal (= 1.1.1100)
  - Flipper-Glog (0.5.0.5)
  - Flipper-PeerTalk (0.0.4)
  - Flipper-RSocket (1.4.3):
    - Flipper-Folly (~> 2.6)
  - FlipperKit (0.125.0):
    - FlipperKit/Core (= 0.125.0)
  - FlipperKit/Core (0.125.0):
    - Flipper (~> 0.125.0)
    - FlipperKit/CppBridge
    - FlipperKit/FBCxxFollyDynamicConvert
    - FlipperKit/FBDefines
    - FlipperKit/FKPortForwarding
    - SocketRocket (~> 0.6.0)
  - FlipperKit/CppBridge (0.125.0):
    - Flipper (~> 0.125.0)
  - FlipperKit/FBCxxFollyDynamicConvert (0.125.0):
    - Flipper-Folly (~> 2.6)
  - FlipperKit/FBDefines (0.125.0)
  - FlipperKit/FKPortForwarding (0.125.0):
    - CocoaAsyncSocket (~> 7.6)
    - Flipper-PeerTalk (~> 0.0.4)
  - FlipperKit/FlipperKitHighlightOverlay (0.125.0)
  - FlipperKit/FlipperKitLayoutHelpers (0.125.0):
    - FlipperKit/Core
    - FlipperKit/FlipperKitHighlightOverlay
    - FlipperKit/FlipperKitLayoutTextSearchable
  - FlipperKit/FlipperKitLayoutIOSDescriptors (0.125.0):
    - FlipperKit/Core
    - FlipperKit/FlipperKitHighlightOverlay
    - FlipperKit/FlipperKitLayoutHelpers
    - YogaKit (~> 1.18)
  - FlipperKit/FlipperKitLayoutPlugin (0.125.0):
    - FlipperKit/Core
    - FlipperKit/FlipperKitHighlightOverlay
    - FlipperKit/FlipperKitLayoutHelpers
    - FlipperKit/FlipperKitLayoutIOSDescriptors
    - FlipperKit/FlipperKitLayoutTextSearchable
    - YogaKit (~> 1.18)
  - FlipperKit/FlipperKitLayoutTextSearchable (0.125.0)
  - FlipperKit/FlipperKitNetworkPlugin (0.125.0):
    - FlipperKit/Core
  - FlipperKit/FlipperKitReactPlugin (0.125.0):
    - FlipperKit/Core
  - FlipperKit/FlipperKitUserDefaultsPlugin (0.125.0):
    - FlipperKit/Core
  - FlipperKit/SKIOSNetworkPlugin (0.125.0):
    - FlipperKit/Core
    - FlipperKit/FlipperKitNetworkPlugin
  - fmt (6.2.1)
  - glog (0.3.5)
  - Google-Maps-iOS-Utils (4.1.0):
    - Google-Maps-iOS-Utils/Clustering (= 4.1.0)
    - Google-Maps-iOS-Utils/Geometry (= 4.1.0)
    - Google-Maps-iOS-Utils/GeometryUtils (= 4.1.0)
    - Google-Maps-iOS-Utils/Heatmap (= 4.1.0)
    - Google-Maps-iOS-Utils/QuadTree (= 4.1.0)
    - GoogleMaps
  - Google-Maps-iOS-Utils/Clustering (4.1.0):
    - Google-Maps-iOS-Utils/QuadTree
    - GoogleMaps
  - Google-Maps-iOS-Utils/Geometry (4.1.0):
    - GoogleMaps
  - Google-Maps-iOS-Utils/GeometryUtils (4.1.0):
    - GoogleMaps
  - Google-Maps-iOS-Utils/Heatmap (4.1.0):
    - Google-Maps-iOS-Utils/QuadTree
    - GoogleMaps
  - Google-Maps-iOS-Utils/QuadTree (4.1.0):
    - GoogleMaps
  - GoogleMaps (7.4.0):
    - GoogleMaps/Maps (= 7.4.0)
  - GoogleMaps/Base (7.4.0)
  - GoogleMaps/Maps (7.4.0):
    - GoogleMaps/Base
  - libevent (2.1.12)
  - libwebp (1.3.2):
    - libwebp/demux (= 1.3.2)
    - libwebp/mux (= 1.3.2)
    - libwebp/sharpyuv (= 1.3.2)
    - libwebp/webp (= 1.3.2)
  - libwebp/demux (1.3.2):
    - libwebp/webp
  - libwebp/mux (1.3.2):
    - libwebp/demux
  - libwebp/sharpyuv (1.3.2)
  - libwebp/webp (1.3.2):
    - libwebp/sharpyuv
  - lottie-ios (4.3.3)
  - lottie-react-native (6.3.1):
    - lottie-ios (~> 4.3.0)
    - React-Core
  - OpenSSL-Universal (1.1.1100)
  - RCT-Folly (2021.07.22.00):
    - boost
    - DoubleConversion
    - fmt (~> 6.2.1)
    - glog
    - RCT-Folly/Default (= 2021.07.22.00)
  - RCT-Folly/Default (2021.07.22.00):
    - boost
    - DoubleConversion
    - fmt (~> 6.2.1)
    - glog
  - RCTRequired (0.71.0)
  - RCTTypeSafety (0.71.0):
    - FBLazyVector (= 0.71.0)
    - RCTRequired (= 0.71.0)
    - React-Core (= 0.71.0)
  - React (0.71.0):
    - React-Core (= 0.71.0)
    - React-Core/DevSupport (= 0.71.0)
    - React-Core/RCTWebSocket (= 0.71.0)
    - React-RCTActionSheet (= 0.71.0)
    - React-RCTAnimation (= 0.71.0)
    - React-RCTBlob (= 0.71.0)
    - React-RCTImage (= 0.71.0)
    - React-RCTLinking (= 0.71.0)
    - React-RCTNetwork (= 0.71.0)
    - React-RCTSettings (= 0.71.0)
    - React-RCTText (= 0.71.0)
    - React-RCTVibration (= 0.71.0)
  - React-callinvoker (0.71.0)
  - React-Codegen (0.71.0):
    - FBReactNativeSpec
    - RCT-Folly
    - RCTRequired
    - RCTTypeSafety
    - React-Core
    - React-jsc
    - React-jsi
    - React-jsiexecutor
    - ReactCommon/turbomodule/bridging
    - ReactCommon/turbomodule/core
  - React-Core (0.71.0):
    - glog
    - RCT-Folly (= 2021.07.22.00)
    - React-Core/Default (= 0.71.0)
    - React-cxxreact (= 0.71.0)
    - React-jsi (= 0.71.0)
    - React-jsiexecutor (= 0.71.0)
    - React-perflogger (= 0.71.0)
    - Yoga
  - React-Core/CoreModulesHeaders (0.71.0):
    - glog
    - RCT-Folly (= 2021.07.22.00)
    - React-Core/Default
    - React-cxxreact (= 0.71.0)
    - React-jsi (= 0.71.0)
    - React-jsiexecutor (= 0.71.0)
    - React-perflogger (= 0.71.0)
    - Yoga
  - React-Core/Default (0.71.0):
    - glog
    - RCT-Folly (= 2021.07.22.00)
    - React-cxxreact (= 0.71.0)
    - React-jsi (= 0.71.0)
    - React-jsiexecutor (= 0.71.0)
    - React-perflogger (= 0.71.0)
    - Yoga
  - React-Core/DevSupport (0.71.0):
    - glog
    - RCT-Folly (= 2021.07.22.00)
    - React-Core/Default (= 0.71.0)
    - React-Core/RCTWebSocket (= 0.71.0)
    - React-cxxreact (= 0.71.0)
    - React-jsi (= 0.71.0)
    - React-jsiexecutor (= 0.71.0)
    - React-jsinspector (= 0.71.0)
    - React-perflogger (= 0.71.0)
    - Yoga
  - React-Core/RCTActionSheetHeaders (0.71.0):
    - glog
    - RCT-Folly (= 2021.07.22.00)
    - React-Core/Default
    - React-cxxreact (= 0.71.0)
    - React-jsi (= 0.71.0)
    - React-jsiexecutor (= 0.71.0)
    - React-perflogger (= 0.71.0)
    - Yoga
  - React-Core/RCTAnimationHeaders (0.71.0):
    - glog
    - RCT-Folly (= 2021.07.22.00)
    - React-Core/Default
    - React-cxxreact (= 0.71.0)
    - React-jsi (= 0.71.0)
    - React-jsiexecutor (= 0.71.0)
    - React-perflogger (= 0.71.0)
    - Yoga
  - React-Core/RCTBlobHeaders (0.71.0):
    - glog
    - RCT-Folly (= 2021.07.22.00)
    - React-Core/Default
    - React-cxxreact (= 0.71.0)
    - React-jsi (= 0.71.0)
    - React-jsiexecutor (= 0.71.0)
    - React-perflogger (= 0.71.0)
    - Yoga
  - React-Core/RCTImageHeaders (0.71.0):
    - glog
    - RCT-Folly (= 2021.07.22.00)
    - React-Core/Default
    - React-cxxreact (= 0.71.0)
    - React-jsi (= 0.71.0)
    - React-jsiexecutor (= 0.71.0)
    - React-perflogger (= 0.71.0)
    - Yoga
  - React-Core/RCTLinkingHeaders (0.71.0):
    - glog
    - RCT-Folly (= 2021.07.22.00)
    - React-Core/Default
    - React-cxxreact (= 0.71.0)
    - React-jsi (= 0.71.0)
    - React-jsiexecutor (= 0.71.0)
    - React-perflogger (= 0.71.0)
    - Yoga
  - React-Core/RCTNetworkHeaders (0.71.0):
    - glog
    - RCT-Folly (= 2021.07.22.00)
    - React-Core/Default
    - React-cxxreact (= 0.71.0)
    - React-jsi (= 0.71.0)
    - React-jsiexecutor (= 0.71.0)
    - React-perflogger (= 0.71.0)
    - Yoga
  - React-Core/RCTSettingsHeaders (0.71.0):
    - glog
    - RCT-Folly (= 2021.07.22.00)
    - React-Core/Default
    - React-cxxreact (= 0.71.0)
    - React-jsi (= 0.71.0)
    - React-jsiexecutor (= 0.71.0)
    - React-perflogger (= 0.71.0)
    - Yoga
  - React-Core/RCTTextHeaders (0.71.0):
    - glog
    - RCT-Folly (= 2021.07.22.00)
    - React-Core/Default
    - React-cxxreact (= 0.71.0)
    - React-jsi (= 0.71.0)
    - React-jsiexecutor (= 0.71.0)
    - React-perflogger (= 0.71.0)
    - Yoga
  - React-Core/RCTVibrationHeaders (0.71.0):
    - glog
    - RCT-Folly (= 2021.07.22.00)
    - React-Core/Default
    - React-cxxreact (= 0.71.0)
    - React-jsi (= 0.71.0)
    - React-jsiexecutor (= 0.71.0)
    - React-perflogger (= 0.71.0)
    - Yoga
  - React-Core/RCTWebSocket (0.71.0):
    - glog
    - RCT-Folly (= 2021.07.22.00)
    - React-Core/Default (= 0.71.0)
    - React-cxxreact (= 0.71.0)
    - React-jsi (= 0.71.0)
    - React-jsiexecutor (= 0.71.0)
    - React-perflogger (= 0.71.0)
    - Yoga
  - React-CoreModules (0.71.0):
    - RCT-Folly (= 2021.07.22.00)
    - RCTTypeSafety (= 0.71.0)
    - React-Codegen (= 0.71.0)
    - React-Core/CoreModulesHeaders (= 0.71.0)
    - React-jsi (= 0.71.0)
    - React-RCTImage (= 0.71.0)
    - ReactCommon/turbomodule/core (= 0.71.0)
  - React-cxxreact (0.71.0):
    - boost (= 1.76.0)
    - DoubleConversion
    - glog
    - RCT-Folly (= 2021.07.22.00)
    - React-callinvoker (= 0.71.0)
    - React-jsi (= 0.71.0)
    - React-jsinspector (= 0.71.0)
    - React-logger (= 0.71.0)
    - React-perflogger (= 0.71.0)
    - React-runtimeexecutor (= 0.71.0)
  - React-jsc (0.71.0):
    - React-jsc/Fabric (= 0.71.0)
    - React-jsi (= 0.71.0)
  - React-jsc/Fabric (0.71.0):
    - React-jsi (= 0.71.0)
  - React-jsi (0.71.0):
    - boost (= 1.76.0)
    - DoubleConversion
    - glog
    - RCT-Folly (= 2021.07.22.00)
  - React-jsiexecutor (0.71.0):
    - DoubleConversion
    - glog
    - RCT-Folly (= 2021.07.22.00)
    - React-cxxreact (= 0.71.0)
    - React-jsi (= 0.71.0)
    - React-perflogger (= 0.71.0)
  - React-jsinspector (0.71.0)
  - React-logger (0.71.0):
    - glog
  - react-native-contacts (7.0.7):
    - React-Core
  - react-native-document-picker (9.0.1):
    - React-Core
  - react-native-document-scanner-plugin (0.9.1):
    - React-Core
  - react-native-geolocation-service (5.3.1):
    - React
  - react-native-get-random-values (1.9.0):
    - React-Core
  - react-native-google-maps (1.8.0):
    - Google-Maps-iOS-Utils (= 4.1.0)
    - GoogleMaps (= 7.4.0)
    - React-Core
  - react-native-image-picker (7.0.1):
    - React-Core
  - react-native-maps (1.8.0):
    - React-Core
  - react-native-netinfo (9.4.1):
    - React-Core
  - react-native-orientation-locker (1.5.0):
    - React-Core
  - react-native-safe-area-context (4.7.2):
    - React-Core
  - React-perflogger (0.71.0)
  - React-RCTActionSheet (0.71.0):
    - React-Core/RCTActionSheetHeaders (= 0.71.0)
  - React-RCTAnimation (0.71.0):
    - RCT-Folly (= 2021.07.22.00)
    - RCTTypeSafety (= 0.71.0)
    - React-Codegen (= 0.71.0)
    - React-Core/RCTAnimationHeaders (= 0.71.0)
    - React-jsi (= 0.71.0)
    - ReactCommon/turbomodule/core (= 0.71.0)
  - React-RCTAppDelegate (0.71.0):
    - RCT-Folly
    - RCTRequired
    - RCTTypeSafety
    - React-Core
    - ReactCommon/turbomodule/core
  - React-RCTBlob (0.71.0):
    - RCT-Folly (= 2021.07.22.00)
    - React-Codegen (= 0.71.0)
    - React-Core/RCTBlobHeaders (= 0.71.0)
    - React-Core/RCTWebSocket (= 0.71.0)
    - React-jsi (= 0.71.0)
    - React-RCTNetwork (= 0.71.0)
    - ReactCommon/turbomodule/core (= 0.71.0)
  - React-RCTImage (0.71.0):
    - RCT-Folly (= 2021.07.22.00)
    - RCTTypeSafety (= 0.71.0)
    - React-Codegen (= 0.71.0)
    - React-Core/RCTImageHeaders (= 0.71.0)
    - React-jsi (= 0.71.0)
    - React-RCTNetwork (= 0.71.0)
    - ReactCommon/turbomodule/core (= 0.71.0)
  - React-RCTLinking (0.71.0):
    - React-Codegen (= 0.71.0)
    - React-Core/RCTLinkingHeaders (= 0.71.0)
    - React-jsi (= 0.71.0)
    - ReactCommon/turbomodule/core (= 0.71.0)
  - React-RCTNetwork (0.71.0):
    - RCT-Folly (= 2021.07.22.00)
    - RCTTypeSafety (= 0.71.0)
    - React-Codegen (= 0.71.0)
    - React-Core/RCTNetworkHeaders (= 0.71.0)
    - React-jsi (= 0.71.0)
    - ReactCommon/turbomodule/core (= 0.71.0)
  - React-RCTSettings (0.71.0):
    - RCT-Folly (= 2021.07.22.00)
    - RCTTypeSafety (= 0.71.0)
    - React-Codegen (= 0.71.0)
    - React-Core/RCTSettingsHeaders (= 0.71.0)
    - React-jsi (= 0.71.0)
    - ReactCommon/turbomodule/core (= 0.71.0)
  - React-RCTText (0.71.0):
    - React-Core/RCTTextHeaders (= 0.71.0)
  - React-RCTVibration (0.71.0):
    - RCT-Folly (= 2021.07.22.00)
    - React-Codegen (= 0.71.0)
    - React-Core/RCTVibrationHeaders (= 0.71.0)
    - React-jsi (= 0.71.0)
    - ReactCommon/turbomodule/core (= 0.71.0)
  - React-runtimeexecutor (0.71.0):
    - React-jsi (= 0.71.0)
  - ReactCommon/turbomodule/bridging (0.71.0):
    - DoubleConversion
    - glog
    - RCT-Folly (= 2021.07.22.00)
    - React-callinvoker (= 0.71.0)
    - React-Core (= 0.71.0)
    - React-cxxreact (= 0.71.0)
    - React-jsi (= 0.71.0)
    - React-logger (= 0.71.0)
    - React-perflogger (= 0.71.0)
  - ReactCommon/turbomodule/core (0.71.0):
    - DoubleConversion
    - glog
    - RCT-Folly (= 2021.07.22.00)
    - React-callinvoker (= 0.71.0)
    - React-Core (= 0.71.0)
    - React-cxxreact (= 0.71.0)
    - React-jsi (= 0.71.0)
    - React-logger (= 0.71.0)
    - React-perflogger (= 0.71.0)
  - RNAWSCognito (6.3.6):
    - React-Core
  - RNBootSplash (5.0.4):
    - React-Core
  - RNCAsyncStorage (1.19.3):
    - React-Core
  - RNCClipboard (1.12.1):
    - React-Core
  - RNDateTimePicker (7.6.1):
    - React-Core
  - RNFastImage (8.6.3):
    - React-Core
    - SDWebImage (~> 5.11.1)
    - SDWebImageWebPCoder (~> 0.8.4)
  - RNFlashList (1.6.2):
    - React-Core
  - RNFS (2.20.0):
    - React-Core
  - RNGestureHandler (2.13.3):
    - RCT-Folly (= 2021.07.22.00)
    - React-Core
  - RNReanimated (3.5.4):
    - DoubleConversion
    - FBLazyVector
    - FBReactNativeSpec
    - glog
    - RCT-Folly
    - RCTRequired
    - RCTTypeSafety
    - React-callinvoker
    - React-Core
    - React-Core/DevSupport
    - React-Core/RCTWebSocket
    - React-CoreModules
    - React-cxxreact
    - React-jsi
    - React-jsiexecutor
    - React-jsinspector
    - React-RCTActionSheet
    - React-RCTAnimation
    - React-RCTBlob
    - React-RCTImage
    - React-RCTLinking
    - React-RCTNetwork
    - React-RCTSettings
    - React-RCTText
    - ReactCommon/turbomodule/core
    - Yoga
  - RNScreens (3.26.0):
    - RCT-Folly (= 2021.07.22.00)
    - React-Core
  - RNSharedElement (0.8.8):
    - React-Core
  - SDWebImage (5.11.1):
    - SDWebImage/Core (= 5.11.1)
  - SDWebImage/Core (5.11.1)
  - SDWebImageWebPCoder (0.8.5):
    - libwebp (~> 1.0)
    - SDWebImage/Core (~> 5.10)
  - SocketRocket (0.6.1)
  - Yoga (1.14.0)
  - YogaKit (1.18.1):
    - Yoga (~> 1.14)

DEPENDENCIES:
  - boost (from `../node_modules/react-native/third-party-podspecs/boost.podspec`)
  - DoubleConversion (from `../node_modules/react-native/third-party-podspecs/DoubleConversion.podspec`)
  - EXApplication (from `../node_modules/expo-application/ios`)
  - EXConstants (from `../node_modules/expo-constants/ios`)
  - EXFileSystem (from `../node_modules/expo-file-system/ios`)
  - EXFont (from `../node_modules/expo-font/ios`)
  - Expo (from `../node_modules/expo`)
  - ExpoCrypto (from `../node_modules/expo-crypto/ios`)
  - ExpoKeepAwake (from `../node_modules/expo-keep-awake/ios`)
  - ExpoModulesCore (from `../node_modules/expo-modules-core`)
  - ExpoSMS (from `../node_modules/expo-sms/ios`)
  - ExpoWebBrowser (from `../node_modules/expo-web-browser/ios`)
  - FBLazyVector (from `../node_modules/react-native/Libraries/FBLazyVector`)
  - FBReactNativeSpec (from `../node_modules/react-native/React/FBReactNativeSpec`)
  - Flipper (= 0.125.0)
  - Flipper-Boost-iOSX (= 1.76.0.1.11)
  - Flipper-DoubleConversion (= 3.2.0.1)
  - Flipper-Fmt (= 7.1.7)
  - Flipper-Folly (= 2.6.10)
  - Flipper-Glog (= 0.5.0.5)
  - Flipper-PeerTalk (= 0.0.4)
  - Flipper-RSocket (= 1.4.3)
  - FlipperKit (= 0.125.0)
  - FlipperKit/Core (= 0.125.0)
  - FlipperKit/CppBridge (= 0.125.0)
  - FlipperKit/FBCxxFollyDynamicConvert (= 0.125.0)
  - FlipperKit/FBDefines (= 0.125.0)
  - FlipperKit/FKPortForwarding (= 0.125.0)
  - FlipperKit/FlipperKitHighlightOverlay (= 0.125.0)
  - FlipperKit/FlipperKitLayoutPlugin (= 0.125.0)
  - FlipperKit/FlipperKitLayoutTextSearchable (= 0.125.0)
  - FlipperKit/FlipperKitNetworkPlugin (= 0.125.0)
  - FlipperKit/FlipperKitReactPlugin (= 0.125.0)
  - FlipperKit/FlipperKitUserDefaultsPlugin (= 0.125.0)
  - FlipperKit/SKIOSNetworkPlugin (= 0.125.0)
  - glog (from `../node_modules/react-native/third-party-podspecs/glog.podspec`)
  - Google-Maps-iOS-Utils (from `https://github.com/Simon-TechForm/google-maps-ios-utils.git`, branch `feat/support-apple-silicon`)
  - lottie-ios
  - lottie-react-native (from `../node_modules/lottie-react-native`)
  - OpenSSL-Universal (= 1.1.1100)
  - RCT-Folly (from `../node_modules/react-native/third-party-podspecs/RCT-Folly.podspec`)
  - RCTRequired (from `../node_modules/react-native/Libraries/RCTRequired`)
  - RCTTypeSafety (from `../node_modules/react-native/Libraries/TypeSafety`)
  - React (from `../node_modules/react-native/`)
  - React-callinvoker (from `../node_modules/react-native/ReactCommon/callinvoker`)
  - React-Codegen (from `build/generated/ios`)
  - React-Core (from `../node_modules/react-native/`)
  - React-Core/DevSupport (from `../node_modules/react-native/`)
  - React-Core/RCTWebSocket (from `../node_modules/react-native/`)
  - React-CoreModules (from `../node_modules/react-native/React/CoreModules`)
  - React-cxxreact (from `../node_modules/react-native/ReactCommon/cxxreact`)
  - React-jsc (from `../node_modules/react-native/ReactCommon/jsc`)
  - React-jsi (from `../node_modules/react-native/ReactCommon/jsi`)
  - React-jsiexecutor (from `../node_modules/react-native/ReactCommon/jsiexecutor`)
  - React-jsinspector (from `../node_modules/react-native/ReactCommon/jsinspector`)
  - React-logger (from `../node_modules/react-native/ReactCommon/logger`)
  - react-native-contacts (from `../node_modules/react-native-contacts`)
  - react-native-document-picker (from `../node_modules/react-native-document-picker`)
  - react-native-document-scanner-plugin (from `../node_modules/react-native-document-scanner-plugin`)
  - react-native-geolocation-service (from `../node_modules/react-native-geolocation-service`)
  - react-native-get-random-values (from `../node_modules/react-native-get-random-values`)
  - react-native-google-maps (from `../node_modules/react-native-maps`)
  - react-native-image-picker (from `../node_modules/react-native-image-picker`)
  - react-native-maps (from `../node_modules/react-native-maps`)
  - "react-native-netinfo (from `../node_modules/@react-native-community/netinfo`)"
  - react-native-orientation-locker (from `../node_modules/react-native-orientation-locker`)
  - react-native-safe-area-context (from `../node_modules/react-native-safe-area-context`)
  - React-perflogger (from `../node_modules/react-native/ReactCommon/reactperflogger`)
  - React-RCTActionSheet (from `../node_modules/react-native/Libraries/ActionSheetIOS`)
  - React-RCTAnimation (from `../node_modules/react-native/Libraries/NativeAnimation`)
  - React-RCTAppDelegate (from `../node_modules/react-native/Libraries/AppDelegate`)
  - React-RCTBlob (from `../node_modules/react-native/Libraries/Blob`)
  - React-RCTImage (from `../node_modules/react-native/Libraries/Image`)
  - React-RCTLinking (from `../node_modules/react-native/Libraries/LinkingIOS`)
  - React-RCTNetwork (from `../node_modules/react-native/Libraries/Network`)
  - React-RCTSettings (from `../node_modules/react-native/Libraries/Settings`)
  - React-RCTText (from `../node_modules/react-native/Libraries/Text`)
  - React-RCTVibration (from `../node_modules/react-native/Libraries/Vibration`)
  - React-runtimeexecutor (from `../node_modules/react-native/ReactCommon/runtimeexecutor`)
  - ReactCommon/turbomodule/core (from `../node_modules/react-native/ReactCommon`)
  - RNAWSCognito (from `../node_modules/amazon-cognito-identity-js`)
  - RNBootSplash (from `../node_modules/react-native-bootsplash`)
  - "RNCAsyncStorage (from `../node_modules/@react-native-async-storage/async-storage`)"
  - "RNCClipboard (from `../node_modules/@react-native-clipboard/clipboard`)"
  - "RNDateTimePicker (from `../node_modules/@react-native-community/datetimepicker`)"
  - RNFastImage (from `../node_modules/react-native-fast-image`)
  - "RNFlashList (from `../node_modules/@shopify/flash-list`)"
  - RNFS (from `../node_modules/react-native-fs`)
  - RNGestureHandler (from `../node_modules/react-native-gesture-handler`)
  - RNReanimated (from `../node_modules/react-native-reanimated`)
  - RNScreens (from `../node_modules/react-native-screens`)
  - RNSharedElement (from `../node_modules/react-native-shared-element`)
  - Yoga (from `../node_modules/react-native/ReactCommon/yoga`)

SPEC REPOS:
  trunk:
    - CocoaAsyncSocket
    - Flipper
    - Flipper-Boost-iOSX
    - Flipper-DoubleConversion
    - Flipper-Fmt
    - Flipper-Folly
    - Flipper-Glog
    - Flipper-PeerTalk
    - Flipper-RSocket
    - FlipperKit
    - fmt
    - GoogleMaps
    - libevent
    - libwebp
    - lottie-ios
    - OpenSSL-Universal
    - SDWebImage
    - SDWebImageWebPCoder
    - SocketRocket
    - YogaKit

EXTERNAL SOURCES:
  boost:
    :podspec: "../node_modules/react-native/third-party-podspecs/boost.podspec"
  DoubleConversion:
    :podspec: "../node_modules/react-native/third-party-podspecs/DoubleConversion.podspec"
  EXApplication:
    :path: "../node_modules/expo-application/ios"
  EXConstants:
    :path: "../node_modules/expo-constants/ios"
  EXFileSystem:
    :path: "../node_modules/expo-file-system/ios"
  EXFont:
    :path: "../node_modules/expo-font/ios"
  Expo:
    :path: "../node_modules/expo"
  ExpoCrypto:
    :path: "../node_modules/expo-crypto/ios"
  ExpoKeepAwake:
    :path: "../node_modules/expo-keep-awake/ios"
  ExpoModulesCore:
    :path: "../node_modules/expo-modules-core"
  ExpoSMS:
    :path: "../node_modules/expo-sms/ios"
  ExpoWebBrowser:
    :path: "../node_modules/expo-web-browser/ios"
  FBLazyVector:
    :path: "../node_modules/react-native/Libraries/FBLazyVector"
  FBReactNativeSpec:
    :path: "../node_modules/react-native/React/FBReactNativeSpec"
  glog:
    :podspec: "../node_modules/react-native/third-party-podspecs/glog.podspec"
  Google-Maps-iOS-Utils:
    :branch: feat/support-apple-silicon
    :git: https://github.com/Simon-TechForm/google-maps-ios-utils.git
  lottie-react-native:
    :path: "../node_modules/lottie-react-native"
  RCT-Folly:
    :podspec: "../node_modules/react-native/third-party-podspecs/RCT-Folly.podspec"
  RCTRequired:
    :path: "../node_modules/react-native/Libraries/RCTRequired"
  RCTTypeSafety:
    :path: "../node_modules/react-native/Libraries/TypeSafety"
  React:
    :path: "../node_modules/react-native/"
  React-callinvoker:
    :path: "../node_modules/react-native/ReactCommon/callinvoker"
  React-Codegen:
    :path: build/generated/ios
  React-Core:
    :path: "../node_modules/react-native/"
  React-CoreModules:
    :path: "../node_modules/react-native/React/CoreModules"
  React-cxxreact:
    :path: "../node_modules/react-native/ReactCommon/cxxreact"
  React-jsc:
    :path: "../node_modules/react-native/ReactCommon/jsc"
  React-jsi:
    :path: "../node_modules/react-native/ReactCommon/jsi"
  React-jsiexecutor:
    :path: "../node_modules/react-native/ReactCommon/jsiexecutor"
  React-jsinspector:
    :path: "../node_modules/react-native/ReactCommon/jsinspector"
  React-logger:
    :path: "../node_modules/react-native/ReactCommon/logger"
  react-native-contacts:
    :path: "../node_modules/react-native-contacts"
  react-native-document-picker:
    :path: "../node_modules/react-native-document-picker"
  react-native-document-scanner-plugin:
    :path: "../node_modules/react-native-document-scanner-plugin"
  react-native-geolocation-service:
    :path: "../node_modules/react-native-geolocation-service"
  react-native-get-random-values:
    :path: "../node_modules/react-native-get-random-values"
  react-native-google-maps:
    :path: "../node_modules/react-native-maps"
  react-native-image-picker:
    :path: "../node_modules/react-native-image-picker"
  react-native-maps:
    :path: "../node_modules/react-native-maps"
  react-native-netinfo:
    :path: "../node_modules/@react-native-community/netinfo"
  react-native-orientation-locker:
    :path: "../node_modules/react-native-orientation-locker"
  react-native-safe-area-context:
    :path: "../node_modules/react-native-safe-area-context"
  React-perflogger:
    :path: "../node_modules/react-native/ReactCommon/reactperflogger"
  React-RCTActionSheet:
    :path: "../node_modules/react-native/Libraries/ActionSheetIOS"
  React-RCTAnimation:
    :path: "../node_modules/react-native/Libraries/NativeAnimation"
  React-RCTAppDelegate:
    :path: "../node_modules/react-native/Libraries/AppDelegate"
  React-RCTBlob:
    :path: "../node_modules/react-native/Libraries/Blob"
  React-RCTImage:
    :path: "../node_modules/react-native/Libraries/Image"
  React-RCTLinking:
    :path: "../node_modules/react-native/Libraries/LinkingIOS"
  React-RCTNetwork:
    :path: "../node_modules/react-native/Libraries/Network"
  React-RCTSettings:
    :path: "../node_modules/react-native/Libraries/Settings"
  React-RCTText:
    :path: "../node_modules/react-native/Libraries/Text"
  React-RCTVibration:
    :path: "../node_modules/react-native/Libraries/Vibration"
  React-runtimeexecutor:
    :path: "../node_modules/react-native/ReactCommon/runtimeexecutor"
  ReactCommon:
    :path: "../node_modules/react-native/ReactCommon"
  RNAWSCognito:
    :path: "../node_modules/amazon-cognito-identity-js"
  RNBootSplash:
    :path: "../node_modules/react-native-bootsplash"
  RNCAsyncStorage:
    :path: "../node_modules/@react-native-async-storage/async-storage"
  RNCClipboard:
    :path: "../node_modules/@react-native-clipboard/clipboard"
  RNDateTimePicker:
    :path: "../node_modules/@react-native-community/datetimepicker"
  RNFastImage:
    :path: "../node_modules/react-native-fast-image"
  RNFlashList:
    :path: "../node_modules/@shopify/flash-list"
  RNFS:
    :path: "../node_modules/react-native-fs"
  RNGestureHandler:
    :path: "../node_modules/react-native-gesture-handler"
  RNReanimated:
    :path: "../node_modules/react-native-reanimated"
  RNScreens:
    :path: "../node_modules/react-native-screens"
  RNSharedElement:
    :path: "../node_modules/react-native-shared-element"
  Yoga:
    :path: "../node_modules/react-native/ReactCommon/yoga"

CHECKOUT OPTIONS:
  Google-Maps-iOS-Utils:
    :commit: 35d05d1eeb65682c1b271f4f3760d814fd946aa1
    :git: https://github.com/Simon-TechForm/google-maps-ios-utils.git

SPEC CHECKSUMS:
  boost: 57d2868c099736d80fcd648bf211b4431e51a558
  CocoaAsyncSocket: 065fd1e645c7abab64f7a6a2007a48038fdc6a99
  DoubleConversion: 5189b271737e1565bdce30deb4a08d647e3f5f54
  EXApplication: 042aa2e3f05258a16962ea1a9914bf288db9c9a1
  EXConstants: ce5bbea779da8031ac818c36bea41b10e14d04e1
  EXFileSystem: 2b826a3bf1071a4b80a8457e97124783d1ac860e
  EXFont: 738c44c390953ebcbab075a4848bfbef025fd9ee
  Expo: e7d2116b947e2e6fdeb09ee4f2754f819426d1b6
  ExpoCrypto: a382ab9a2fa91f0b511ce1fe4d6baecee40a1615
  ExpoKeepAwake: be4cbd52d9b177cde0fd66daa1913afa3161fc1d
  ExpoModulesCore: d9d45dcbb86a5dba2ec62253267720cb58516f75
  ExpoSMS: c8079b3018ae5206b3f1f6f445fd4eee2a19a335
  ExpoWebBrowser: 2c788f9c07718a780fe6d8bf2f6195c47609faaa
  FBLazyVector: 61839cba7a48c570b7ac3e1cd8a4d0948382202f
  FBReactNativeSpec: 5a14398ccf5e27c1ca2d7109eb920594ce93c10d
  Flipper: 26fc4b7382499f1281eb8cb921e5c3ad6de91fe0
  Flipper-Boost-iOSX: fd1e2b8cbef7e662a122412d7ac5f5bea715403c
  Flipper-DoubleConversion: 2dc99b02f658daf147069aad9dbd29d8feb06d30
  Flipper-Fmt: 60cbdd92fc254826e61d669a5d87ef7015396a9b
  Flipper-Folly: 584845625005ff068a6ebf41f857f468decd26b3
  Flipper-Glog: 70c50ce58ddaf67dc35180db05f191692570f446
  Flipper-PeerTalk: 116d8f857dc6ef55c7a5a75ea3ceaafe878aadc9
  Flipper-RSocket: d9d9ade67cbecf6ac10730304bf5607266dd2541
  FlipperKit: cbdee19bdd4e7f05472a66ce290f1b729ba3cb86
  fmt: ff9d55029c625d3757ed641535fd4a75fedc7ce9
  glog: 04b94705f318337d7ead9e6d17c019bd9b1f6b1b
  Google-Maps-iOS-Utils: d3fdfd57db799771418f06189e33981597553aa8
  GoogleMaps: 032f676450ba0779bd8ce16840690915f84e57ac
  libevent: 4049cae6c81cdb3654a443be001fb9bdceff7913
  libwebp: 1786c9f4ff8a279e4dac1e8f385004d5fc253009
  lottie-ios: 25e7b2675dad5c3ddad369ac9baab03560c5bfdd
  lottie-react-native: c9f1db4f4124dcce9f8159e65d8dc6e8bcb11fb4
  OpenSSL-Universal: ebc357f1e6bc71fa463ccb2fe676756aff50e88c
  RCT-Folly: 424b8c9a7a0b9ab2886ffe9c3b041ef628fd4fb1
  RCTRequired: dea3e4163184ea57c50288c15c32c1529265c58f
  RCTTypeSafety: a0834ab89159a346731e8aae55ad6e2cce61c327
  React: d877d055ff2137ca0325a4babdef3411e11f3cb7
  React-callinvoker: 77bd2701eee3acac154b11ec219e68d5a1f780ad
  React-Codegen: 30481c0f278994261b4994814e474ad70c0e00e4
  React-Core: f8ba3702767036d5d0ec810c1030e396f14d8a2b
  React-CoreModules: b6a1f76423fea57a03e0d7a2f79d3b55cf193f2c
  React-cxxreact: fe5f6ec8ae875bebc71309d1e8ef89bb966d61a6
  React-jsc: 429b65a21e4d6e707ba9e3c631d3a7dd4f8810e4
  React-jsi: 4a1902ec0b10572be249c247d1094e8ad3c5fa25
  React-jsiexecutor: 060dd495f1e2af3d87216f7ca8a94c55ec885b4f
  React-jsinspector: 5061fcbec93fd672183dfb39cc2f65e55a0835db
  React-logger: a6c0b3a807a8e81f6d7fea2e72660766f55daa50
  react-native-contacts: 61971364bf9f11a846587eeb736a4e65632815d4
  react-native-document-picker: 2b8f18667caee73a96708a82b284a4f40b30a156
  react-native-document-scanner-plugin: bcb4b5a6770ebb10080c8f051de1e9c1bb81afac
  react-native-geolocation-service: 608e1da71a1ac31b4de64d9ef2815f697978c55b
  react-native-get-random-values: dee677497c6a740b71e5612e8dbd83e7539ed5bb
  react-native-google-maps: 356b9d01da0920be13e4c4dc83673b30e8a22c16
  react-native-image-picker: 1569cfade34b3a011191ce262423e6ce2f8db5a1
  react-native-maps: f699e0753c22c4d5c3a44d03895b193a4dbca6c2
  react-native-netinfo: fefd4e98d75cbdd6e85fc530f7111a8afdf2b0c5
  react-native-orientation-locker: 851f6510d8046ea2f14aa169b1e01fcd309a94ba
  react-native-safe-area-context: 7aa8e6d9d0f3100a820efb1a98af68aa747f9284
  React-perflogger: e5fc4149e9bbb972b8520277f3b23141faa47a36
  React-RCTActionSheet: 991de88216bf03ab9bb1d213d73c62ecbe64ade7
  React-RCTAnimation: b74e3d1bf5280891a573e447b487fa1db0713b5b
  React-RCTAppDelegate: a7f9a1640cc398c71824280a59a269e0253e78f0
  React-RCTBlob: 6762787c01d5d8d18efed03764b0d58d3b79595a
  React-RCTImage: 9ed7eba8dd192a49def2cad2ecaedee7e7e315b4
  React-RCTLinking: 0b58eed9af0645a161b80bf412b6b721e4585c66
  React-RCTNetwork: dc075b0eea00d8a98c928f011d9bc2458acc7092
  React-RCTSettings: 30fb3f498cfaf8a4bb47334ff9ffbe318ef78766
  React-RCTText: a631564e84a227fe24bae7c04446f36faea7fcf5
  React-RCTVibration: 55c91eccdbd435d7634efbe847086944389475b0
  React-runtimeexecutor: ac80782d9d76ba2b0f709f4de0c427fe33c352dc
  ReactCommon: 20e38a9be5fe1341b5e422220877cc94034776ba
  RNAWSCognito: c36b39c89406b2107aa6d57448d0a7c8feb2af58
  RNBootSplash: 334668c563e44287ca39d03aa3f738a3c35a74a6
  RNCAsyncStorage: c913ede1fa163a71cea118ed4670bbaaa4b511bb
  RNCClipboard: d77213bfa269013bf4b857b7a9ca37ee062d8ef1
  RNDateTimePicker: 8fb39263b721223e095248acaf6f406d5b7f6713
  RNFastImage: 5c9c9fed9c076e521b3f509fe79e790418a544e8
  RNFlashList: 1983f915ae34e9253e413f31387959590d102f5e
  RNFS: 4ac0f0ea233904cb798630b3c077808c06931688
  RNGestureHandler: fa40ab6b6cafaa7609294d31f8e8fbbd0cce8ea6
  RNReanimated: 3e6ca8eed2ebe7ffa4103fcd925a11ea7ccbff5c
  RNScreens: 2a28f2973f4d0d4623e18629ebfc2c4adaceb39a
  RNSharedElement: 504fa28a235b12505b6daedbb452a9ec96809bd0
  SDWebImage: a7f831e1a65eb5e285e3fb046a23fcfbf08e696d
  SDWebImageWebPCoder: 908b83b6adda48effe7667cd2b7f78c897e5111d
  SocketRocket: f32cd54efbe0f095c4d7594881e52619cfe80b17
  Yoga: c618b544ff8bd8865cdca602f00cbcdb92fd6d31
  YogaKit: f782866e155069a2cca2517aafea43200b01fd5a

PODFILE CHECKSUM: a4fabfde007bae42fdc23a98407bbe4e393be363

COCOAPODS: 1.13.0
